
Microsoft Visual Studio Solution File, Format Version 12.00
# Visual Studio 2013
VisualStudioVersion = 12.0.40629.0
MinimumVisualStudioVersion = 10.0.40219.1
Project("{2150E333-8FDC-42A3-9474-1A3956D46DE8}") = "1 - Camada de Apresentação", "1 - Camada de Apresentação", "{4D5BCCAB-C35D-465B-8694-5463EA587B99}"
EndProject
Project("{2150E333-8FDC-42A3-9474-1A3956D46DE8}") = "2  - Camada de Acesso a Dados", "2  - Camada de Acesso a Dados", "{9AA5C7D1-5081-4E59-B54F-E5EF5248EC3A}"
EndProject
Project("{2150E333-8FDC-42A3-9474-1A3956D46DE8}") = "3 - Utilitarios", "3 - Utilitarios", "{87BB8CCA-72C8-4A86-BB0B-FEF423FDB79A}"
EndProject
Project("{FAE04EC0-301F-11D3-BF4B-00C04F79EFBC}") = "Projeto.Web", "Projeto.Web\Projeto.Web.csproj", "{57A95205-A6E1-44D1-8C41-8393A96DD2F9}"
EndProject
Project("{FAE04EC0-301F-11D3-BF4B-00C04F79EFBC}") = "Projeto.Dal", "Projeto.Dal\Projeto.Dal.csproj", "{DD5979AE-1E4D-45A6-A913-A3E8A6245AB8}"
EndProject
Project("{FAE04EC0-301F-11D3-BF4B-00C04F79EFBC}") = "Projeto.Util", "Projeto.Util\Projeto.Util.csproj", "{A6CF1B53-C8DB-4800-9E6C-A45BE4092EB6}"
EndProject
Global
	GlobalSection(SolutionConfigurationPlatforms) = preSolution
		Debug|Any CPU = Debug|Any CPU
		Release|Any CPU = Release|Any CPU
	EndGlobalSection
	GlobalSection(ProjectConfigurationPlatforms) = postSolution
		{57A95205-A6E1-44D1-8C41-8393A96DD2F9}.Debug|Any CPU.ActiveCfg = Debug|Any CPU
		{57A95205-A6E1-44D1-8C41-8393A96DD2F9}.Debug|Any CPU.Build.0 = Debug|Any CPU
		{57A95205-A6E1-44D1-8C41-8393A96DD2F9}.Release|Any CPU.ActiveCfg = Release|Any CPU
		{57A95205-A6E1-44D1-8C41-8393A96DD2F9}.Release|Any CPU.Build.0 = Release|Any CPU
		{DD5979AE-1E4D-45A6-A913-A3E8A6245AB8}.Debug|Any CPU.ActiveCfg = Debug|Any CPU
		{DD5979AE-1E4D-45A6-A913-A3E8A6245AB8}.Debug|Any CPU.Build.0 = Debug|Any CPU
		{DD5979AE-1E4D-45A6-A913-A3E8A6245AB8}.Release|Any CPU.ActiveCfg = Release|Any CPU
		{DD5979AE-1E4D-45A6-A913-A3E8A6245AB8}.Release|Any CPU.Build.0 = Release|Any CPU
		{A6CF1B53-C8DB-4800-9E6C-A45BE4092EB6}.Debug|Any CPU.ActiveCfg = Debug|Any CPU
		{A6CF1B53-C8DB-4800-9E6C-A45BE4092EB6}.Debug|Any CPU.Build.0 = Debug|Any CPU
		{A6CF1B53-C8DB-4800-9E6C-A45BE4092EB6}.Release|Any CPU.ActiveCfg = Release|Any CPU
		{A6CF1B53-C8DB-4800-9E6C-A45BE4092EB6}.Release|Any CPU.Build.0 = Release|Any CPU
	EndGlobalSection
	GlobalSection(SolutionProperties) = preSolution
		HideSolutionNode = FALSE
	EndGlobalSection
	GlobalSection(NestedProjects) = preSolution
		{57A95205-A6E1-44D1-8C41-8393A96DD2F9} = {4D5BCCAB-C35D-465B-8694-5463EA587B99}
		{DD5979AE-1E4D-45A6-A913-A3E8A6245AB8} = {9AA5C7D1-5081-4E59-B54F-E5EF5248EC3A}
		{A6CF1B53-C8DB-4800-9E6C-A45BE4092EB6} = {87BB8CCA-72C8-4A86-BB0B-FEF423FDB79A}
	EndGlobalSection
EndGlobal
